
Microsoft Visual Studio Solution File, Format Version 12.00
# Visual Studio Version 17
VisualStudioVersion = 17.10.35122.118
MinimumVisualStudioVersion = 10.0.40219.1
Project("{FAE04EC0-301F-11D3-BF4B-00C04F79EFBC}") = "BlazorApp-Azure", "BlazorApp-Azure\BlazorApp-Azure.csproj", "{02112DE9-77F0-4FAA-A17F-C04C9A7F125A}"
EndProject
Project("{FAE04EC0-301F-11D3-BF4B-00C04F79EFBC}") = "BlazorApp-Azure.Client", "BlazorApp-Azure.Client\BlazorApp-Azure.Client.csproj", "{175C0F3F-8DCE-4B78-A7A0-04BE24AF211A}"
EndProject
Global
	GlobalSection(SolutionConfigurationPlatforms) = preSolution
		Debug|Any CPU = Debug|Any CPU
		Release|Any CPU = Release|Any CPU
	EndGlobalSection
	GlobalSection(ProjectConfigurationPlatforms) = postSolution
		{02112DE9-77F0-4FAA-A17F-C04C9A7F125A}.Debug|Any CPU.ActiveCfg = Debug|Any CPU
		{02112DE9-77F0-4FAA-A17F-C04C9A7F125A}.Debug|Any CPU.Build.0 = Debug|Any CPU
		{02112DE9-77F0-4FAA-A17F-C04C9A7F125A}.Release|Any CPU.ActiveCfg = Release|Any CPU
		{02112DE9-77F0-4FAA-A17F-C04C9A7F125A}.Release|Any CPU.Build.0 = Release|Any CPU
		{175C0F3F-8DCE-4B78-A7A0-04BE24AF211A}.Debug|Any CPU.ActiveCfg = Debug|Any CPU
		{175C0F3F-8DCE-4B78-A7A0-04BE24AF211A}.Debug|Any CPU.Build.0 = Debug|Any CPU
		{175C0F3F-8DCE-4B78-A7A0-04BE24AF211A}.Release|Any CPU.ActiveCfg = Release|Any CPU
		{175C0F3F-8DCE-4B78-A7A0-04BE24AF211A}.Release|Any CPU.Build.0 = Release|Any CPU
	EndGlobalSection
	GlobalSection(SolutionProperties) = preSolution
		HideSolutionNode = FALSE
	EndGlobalSection
	GlobalSection(ExtensibilityGlobals) = postSolution
		SolutionGuid = {9D71D5E3-8A1A-4248-A5F2-D3F1C65DCED9}
	EndGlobalSection
EndGlobal
